
Microsoft Visual Studio Solution File, Format Version 12.00
# Visual Studio 15
Project("{FAE04EC0-301F-11D3-BF4B-00C04F79EFBC}") = "MinimumGates", "MinimumGates\MinimumGates.csproj", "{B399172D-0E12-49F9-A7F2-15F8352CAB23}"
EndProject
Global
	GlobalSection(SolutionConfigurationPlatforms) = preSolution
		Debug|x86 = Debug|x86
		Release|x86 = Release|x86
	EndGlobalSection
	GlobalSection(ProjectConfigurationPlatforms) = postSolution
		{B399172D-0E12-49F9-A7F2-15F8352CAB23}.Debug|x86.ActiveCfg = Debug|x86
		{B399172D-0E12-49F9-A7F2-15F8352CAB23}.Debug|x86.Build.0 = Debug|x86
		{B399172D-0E12-49F9-A7F2-15F8352CAB23}.Release|x86.ActiveCfg = Release|x86
		{B399172D-0E12-49F9-A7F2-15F8352CAB23}.Release|x86.Build.0 = Release|x86
	EndGlobalSection
EndGlobal
